
Microsoft Visual Studio Solution File, Format Version 12.00
# Visual Studio Version 16
VisualStudioVersion = 16.0.32413.511
MinimumVisualStudioVersion = 10.0.40219.1
Project("{FAE04EC0-301F-11D3-BF4B-00C04F79EFBC}") = "Best Time to Buy and Sell Stock", "Best Time to Buy and Sell Stock\Best Time to Buy and Sell Stock.csproj", "{A2441F77-26D0-4579-8F53-91CFDEEB9F3A}"
EndProject
Global
	GlobalSection(SolutionConfigurationPlatforms) = preSolution
		Debug|Any CPU = Debug|Any CPU
		Release|Any CPU = Release|Any CPU
	EndGlobalSection
	GlobalSection(ProjectConfigurationPlatforms) = postSolution
		{A2441F77-26D0-4579-8F53-91CFDEEB9F3A}.Debug|Any CPU.ActiveCfg = Debug|Any CPU
		{A2441F77-26D0-4579-8F53-91CFDEEB9F3A}.Debug|Any CPU.Build.0 = Debug|Any CPU
		{A2441F77-26D0-4579-8F53-91CFDEEB9F3A}.Release|Any CPU.ActiveCfg = Release|Any CPU
		{A2441F77-26D0-4579-8F53-91CFDEEB9F3A}.Release|Any CPU.Build.0 = Release|Any CPU
	EndGlobalSection
	GlobalSection(SolutionProperties) = preSolution
		HideSolutionNode = FALSE
	EndGlobalSection
	GlobalSection(ExtensibilityGlobals) = postSolution
		SolutionGuid = {2DE4DDBB-FA56-4407-8111-5E235F927B2E}
	EndGlobalSection
EndGlobal
